// !$*UTF8*$!
{
	archiveVersion = 1;
	classes = {
	};
	objectVersion = 46;
	objects = {

/* Begin PBXBuildFile section */
		18DC8AFF2FB16D7B42E52E1A /* Pods_AffirmSDKDemo_Swift.framework in Frameworks */ = {isa = PBXBuildFile; fileRef = 7E76A7150D0612138DA8A645 /* Pods_AffirmSDKDemo_Swift.framework */; };
		C8E18D491EF088B40004D411 /* AppDelegate.swift in Sources */ = {isa = PBXBuildFile; fileRef = C8E18D481EF088B40004D411 /* AppDelegate.swift */; };
		C8E18D4B1EF088B40004D411 /* ViewController.swift in Sources */ = {isa = PBXBuildFile; fileRef = C8E18D4A1EF088B40004D411 /* ViewController.swift */; };
		C8E18D4E1EF088B40004D411 /* Main.storyboard in Resources */ = {isa = PBXBuildFile; fileRef = C8E18D4C1EF088B40004D411 /* Main.storyboard */; };
		C8E18D501EF088B40004D411 /* Assets.xcassets in Resources */ = {isa = PBXBuildFile; fileRef = C8E18D4F1EF088B40004D411 /* Assets.xcassets */; };
		C8E18D531EF088B40004D411 /* LaunchScreen.storyboard in Resources */ = {isa = PBXBuildFile; fileRef = C8E18D511EF088B40004D411 /* LaunchScreen.storyboard */; };
/* End PBXBuildFile section */

/* Begin PBXFileReference section */
		76ADD4FBCE1510714C4A91C4 /* Pods-AffirmSDKDemo-Swift.release.xcconfig */ = {isa = PBXFileReference; includeInIndex = 1; lastKnownFileType = text.xcconfig; name = "Pods-AffirmSDKDemo-Swift.release.xcconfig"; path = "Pods/Target Support Files/Pods-AffirmSDKDemo-Swift/Pods-AffirmSDKDemo-Swift.release.xcconfig"; sourceTree = "<group>"; };
		7E76A7150D0612138DA8A645 /* Pods_AffirmSDKDemo_Swift.framework */ = {isa = PBXFileReference; explicitFileType = wrapper.framework; includeInIndex = 0; path = Pods_AffirmSDKDemo_Swift.framework; sourceTree = BUILT_PRODUCTS_DIR; };
		C8E18D451EF088B40004D411 /* AffirmSDKDemo-Swift.app */ = {isa = PBXFileReference; explicitFileType = wrapper.application; includeInIndex = 0; path = "AffirmSDKDemo-Swift.app"; sourceTree = BUILT_PRODUCTS_DIR; };
		C8E18D481EF088B40004D411 /* AppDelegate.swift */ = {isa = PBXFileReference; lastKnownFileType = sourcecode.swift; path = AppDelegate.swift; sourceTree = "<group>"; };
		C8E18D4A1EF088B40004D411 /* ViewController.swift */ = {isa = PBXFileReference; lastKnownFileType = sourcecode.swift; path = ViewController.swift; sourceTree = "<group>"; };
		C8E18D4D1EF088B40004D411 /* Base */ = {isa = PBXFileReference; lastKnownFileType = file.storyboard; name = Base; path = Base.lproj/Main.storyboard; sourceTree = "<group>"; };
		C8E18D4F1EF088B40004D411 /* Assets.xcassets */ = {isa = PBXFileReference; lastKnownFileType = folder.assetcatalog; path = Assets.xcassets; sourceTree = "<group>"; };
		C8E18D521EF088B40004D411 /* Base */ = {isa = PBXFileReference; lastKnownFileType = file.storyboard; name = Base; path = Base.lproj/LaunchScreen.storyboard; sourceTree = "<group>"; };
		C8E18D541EF088B40004D411 /* Info.plist */ = {isa = PBXFileReference; lastKnownFileType = text.plist.xml; path = Info.plist; sourceTree = "<group>"; };
		C8E18D5A1EF0941D0004D411 /* AffirmSDK-Bridging-Header.h */ = {isa = PBXFileReference; lastKnownFileType = sourcecode.c.h; path = "AffirmSDK-Bridging-Header.h"; sourceTree = "<group>"; };
		C92E34F6D84E77A820B77C6C /* Pods-AffirmSDKDemo-Swift.debug.xcconfig */ = {isa = PBXFileReference; includeInIndex = 1; lastKnownFileType = text.xcconfig; name = "Pods-AffirmSDKDemo-Swift.debug.xcconfig"; path = "Pods/Target Support Files/Pods-AffirmSDKDemo-Swift/Pods-AffirmSDKDemo-Swift.debug.xcconfig"; sourceTree = "<group>"; };
/* End PBXFileReference section */

/* Begin PBXFrameworksBuildPhase section */
		C8E18D421EF088B40004D411 /* Frameworks */ = {
			isa = PBXFrameworksBuildPhase;
			buildActionMask = 2147483647;
			files = (
				18DC8AFF2FB16D7B42E52E1A /* Pods_AffirmSDKDemo_Swift.framework in Frameworks */,
			);
			runOnlyForDeploymentPostprocessing = 0;
		};
/* End PBXFrameworksBuildPhase section */

/* Begin PBXGroup section */
		1C1D2DEC5F623941D2DA6941 /* Frameworks */ = {
			isa = PBXGroup;
			children = (
				7E76A7150D0612138DA8A645 /* Pods_AffirmSDKDemo_Swift.framework */,
			);
			name = Frameworks;
			sourceTree = "<group>";
		};
		39909BDFF0A3F6AB779D02F5 /* Pods */ = {
			isa = PBXGroup;
			children = (
				C92E34F6D84E77A820B77C6C /* Pods-AffirmSDKDemo-Swift.debug.xcconfig */,
				76ADD4FBCE1510714C4A91C4 /* Pods-AffirmSDKDemo-Swift.release.xcconfig */,
			);
			name = Pods;
			sourceTree = "<group>";
		};
		C8E18D3C1EF088B40004D411 = {
			isa = PBXGroup;
			children = (
				C8E18D471EF088B40004D411 /* AffirmSDKDemo-Swift */,
				C8E18D461EF088B40004D411 /* Products */,
				39909BDFF0A3F6AB779D02F5 /* Pods */,
				1C1D2DEC5F623941D2DA6941 /* Frameworks */,
			);
			sourceTree = "<group>";
		};
		C8E18D461EF088B40004D411 /* Products */ = {
			isa = PBXGroup;
			children = (
				C8E18D451EF088B40004D411 /* AffirmSDKDemo-Swift.app */,
			);
			name = Products;
			sourceTree = "<group>";
		};
		C8E18D471EF088B40004D411 /* AffirmSDKDemo-Swift */ = {
			isa = PBXGroup;
			children = (
				C8E18D481EF088B40004D411 /* AppDelegate.swift */,
				C8E18D4A1EF088B40004D411 /* ViewController.swift */,
				C8E18D4C1EF088B40004D411 /* Main.storyboard */,
				C8E18D4F1EF088B40004D411 /* Assets.xcassets */,
				C8E18D511EF088B40004D411 /* LaunchScreen.storyboard */,
				C8E18D541EF088B40004D411 /* Info.plist */,
				C8E18D5A1EF0941D0004D411 /* AffirmSDK-Bridging-Header.h */,
			);
			path = "AffirmSDKDemo-Swift";
			sourceTree = "<group>";
		};
/* End PBXGroup section */

/* Begin PBXNativeTarget section */
		C8E18D441EF088B40004D411 /* AffirmSDKDemo-Swift */ = {
			isa = PBXNativeTarget;
			buildConfigurationList = C8E18D571EF088B40004D411 /* Build configuration list for PBXNativeTarget "AffirmSDKDemo-Swift" */;
			buildPhases = (
				0FCD5505D1DF5AFFEAA0FD1B /* [CP] Check Pods Manifest.lock */,
				C8E18D411EF088B40004D411 /* Sources */,
				C8E18D421EF088B40004D411 /* Frameworks */,
				C8E18D431EF088B40004D411 /* Resources */,
				75D117F4FB1DC18A7C56CA60 /* [CP] Embed Pods Frameworks */,
				C96B67A83BB72F8C28925DEE /* [CP] Copy Pods Resources */,
			);
			buildRules = (
			);
			dependencies = (
			);
			name = "AffirmSDKDemo-Swift";
			productName = "AffirmSDKDemo-Swift";
			productReference = C8E18D451EF088B40004D411 /* AffirmSDKDemo-Swift.app */;
			productType = "com.apple.product-type.application";
		};
/* End PBXNativeTarget section */

/* Begin PBXProject section */
		C8E18D3D1EF088B40004D411 /* Project object */ = {
			isa = PBXProject;
			attributes = {
				LastSwiftUpdateCheck = 0830;
				LastUpgradeCheck = 0830;
				ORGANIZATIONNAME = Affirm;
				TargetAttributes = {
					C8E18D441EF088B40004D411 = {
						CreatedOnToolsVersion = 8.3.2;
						ProvisioningStyle = Automatic;
					};
				};
			};
			buildConfigurationList = C8E18D401EF088B40004D411 /* Build configuration list for PBXProject "AffirmSDKDemo-Swift" */;
			compatibilityVersion = "Xcode 3.2";
			developmentRegion = English;
			hasScannedForEncodings = 0;
			knownRegions = (
				en,
				Base,
			);
			mainGroup = C8E18D3C1EF088B40004D411;
			productRefGroup = C8E18D461EF088B40004D411 /* Products */;
			projectDirPath = "";
			projectRoot = "";
			targets = (
				C8E18D441EF088B40004D411 /* AffirmSDKDemo-Swift */,
			);
		};
/* End PBXProject section */

/* Begin PBXResourcesBuildPhase section */
		C8E18D431EF088B40004D411 /* Resources */ = {
			isa = PBXResourcesBuildPhase;
			buildActionMask = 2147483647;
			files = (
				C8E18D531EF088B40004D411 /* LaunchScreen.storyboard in Resources */,
				C8E18D501EF088B40004D411 /* Assets.xcassets in Resources */,
				C8E18D4E1EF088B40004D411 /* Main.storyboard in Resources */,
			);
			runOnlyForDeploymentPostprocessing = 0;
		};
/* End PBXResourcesBuildPhase section */

/* Begin PBXShellScriptBuildPhase section */
		0FCD5505D1DF5AFFEAA0FD1B /* [CP] Check Pods Manifest.lock */ = {
			isa = PBXShellScriptBuildPhase;
			buildActionMask = 2147483647;
			files = (
			);
			inputPaths = (
			);
			name = "[CP] Check Pods Manifest.lock";
			outputPaths = (
			);
			runOnlyForDeploymentPostprocessing = 0;
			shellPath = /bin/sh;
			shellScript = "diff \"${PODS_PODFILE_DIR_PATH}/Podfile.lock\" \"${PODS_ROOT}/Manifest.lock\" > /dev/null\nif [ $? != 0 ] ; then\n    # print error to STDERR\n    echo \"error: The sandbox is not in sync with the Podfile.lock. Run 'pod install' or update your CocoaPods installation.\" >&2\n    exit 1\nfi\n";
			showEnvVarsInLog = 0;
		};
		75D117F4FB1DC18A7C56CA60 /* [CP] Embed Pods Frameworks */ = {
			isa = PBXShellScriptBuildPhase;
			buildActionMask = 2147483647;
			files = (
			);
			inputPaths = (
			);
			name = "[CP] Embed Pods Frameworks";
			outputPaths = (
			);
			runOnlyForDeploymentPostprocessing = 0;
			shellPath = /bin/sh;
			shellScript = "\"${SRCROOT}/Pods/Target Support Files/Pods-AffirmSDKDemo-Swift/Pods-AffirmSDKDemo-Swift-frameworks.sh\"\n";
			showEnvVarsInLog = 0;
		};
		C96B67A83BB72F8C28925DEE /* [CP] Copy Pods Resources */ = {
			isa = PBXShellScriptBuildPhase;
			buildActionMask = 2147483647;
			files = (
			);
			inputPaths = (
			);
			name = "[CP] Copy Pods Resources";
			outputPaths = (
			);
			runOnlyForDeploymentPostprocessing = 0;
			shellPath = /bin/sh;
			shellScript = "\"${SRCROOT}/Pods/Target Support Files/Pods-AffirmSDKDemo-Swift/Pods-AffirmSDKDemo-Swift-resources.sh\"\n";
			showEnvVarsInLog = 0;
		};
/* End PBXShellScriptBuildPhase section */

/* Begin PBXSourcesBuildPhase section */
		C8E18D411EF088B40004D411 /* Sources */ = {
			isa = PBXSourcesBuildPhase;
			buildActionMask = 2147483647;
			files = (
				C8E18D4B1EF088B40004D411 /* ViewController.swift in Sources */,
				C8E18D491EF088B40004D411 /* AppDelegate.swift in Sources */,
			);
			runOnlyForDeploymentPostprocessing = 0;
		};
/* End PBXSourcesBuildPhase section */

/* Begin PBXVariantGroup section */
		C8E18D4C1EF088B40004D411 /* Main.storyboard */ = {
			isa = PBXVariantGroup;
			children = (
				C8E18D4D1EF088B40004D411 /* Base */,
			);
			name = Main.storyboard;
			sourceTree = "<group>";
		};
		C8E18D511EF088B40004D411 /* LaunchScreen.storyboard */ = {
			isa = PBXVariantGroup;
			children = (
				C8E18D521EF088B40004D411 /* Base */,
			);
			name = LaunchScreen.storyboard;
			sourceTree = "<group>";
		};
/* End PBXVariantGroup section */

/* Begin XCBuildConfiguration section */
		C8E18D551EF088B40004D411 /* Debug */ = {
			isa = XCBuildConfiguration;
			buildSettings = {
				ALWAYS_SEARCH_USER_PATHS = NO;
				CLANG_ANALYZER_NONNULL = YES;
				CLANG_ANALYZER_NUMBER_OBJECT_CONVERSION = YES_AGGRESSIVE;
				CLANG_CXX_LANGUAGE_STANDARD = "gnu++0x";
				CLANG_CXX_LIBRARY = "libc++";
				CLANG_ENABLE_MODULES = YES;
				CLANG_ENABLE_OBJC_ARC = YES;
				CLANG_WARN_BOOL_CONVERSION = YES;
				CLANG_WARN_CONSTANT_CONVERSION = YES;
				CLANG_WARN_DIRECT_OBJC_ISA_USAGE = YES_ERROR;
				CLANG_WARN_DOCUMENTATION_COMMENTS = YES;
				CLANG_WARN_EMPTY_BODY = YES;
				CLANG_WARN_ENUM_CONVERSION = YES;
				CLANG_WARN_INFINITE_RECURSION = YES;
				CLANG_WARN_INT_CONVERSION = YES;
				CLANG_WARN_OBJC_ROOT_CLASS = YES_ERROR;
				CLANG_WARN_SUSPICIOUS_MOVE = YES;
				CLANG_WARN_UNREACHABLE_CODE = YES;
				CLANG_WARN__DUPLICATE_METHOD_MATCH = YES;
				"CODE_SIGN_IDENTITY[sdk=iphoneos*]" = "iPhone Developer";
				COPY_PHASE_STRIP = NO;
				DEBUG_INFORMATION_FORMAT = dwarf;
				ENABLE_STRICT_OBJC_MSGSEND = YES;
				ENABLE_TESTABILITY = YES;
				GCC_C_LANGUAGE_STANDARD = gnu99;
				GCC_DYNAMIC_NO_PIC = NO;
				GCC_NO_COMMON_BLOCKS = YES;
				GCC_OPTIMIZATION_LEVEL = 0;
				GCC_PREPROCESSOR_DEFINITIONS = (
					"DEBUG=1",
					"$(inherited)",
				);
				GCC_WARN_64_TO_32_BIT_CONVERSION = YES;
				GCC_WARN_ABOUT_RETURN_TYPE = YES_ERROR;
				GCC_WARN_UNDECLARED_SELECTOR = YES;
				GCC_WARN_UNINITIALIZED_AUTOS = YES_AGGRESSIVE;
				GCC_WARN_UNUSED_FUNCTION = YES;
				GCC_WARN_UNUSED_VARIABLE = YES;
				IPHONEOS_DEPLOYMENT_TARGET = 10.3;
				MTL_ENABLE_DEBUG_INFO = YES;
				ONLY_ACTIVE_ARCH = YES;
				SDKROOT = iphoneos;
				SWIFT_ACTIVE_COMPILATION_CONDITIONS = DEBUG;
				SWIFT_OPTIMIZATION_LEVEL = "-Onone";
				TARGETED_DEVICE_FAMILY = "1,2";
			};
			name = Debug;
		};
		C8E18D561EF088B40004D411 /* Release */ = {
			isa = XCBuildConfiguration;
			buildSettings = {
				ALWAYS_SEARCH_USER_PATHS = NO;
				CLANG_ANALYZER_NONNULL = YES;
				CLANG_ANALYZER_NUMBER_OBJECT_CONVERSION = YES_AGGRESSIVE;
				CLANG_CXX_LANGUAGE_STANDARD = "gnu++0x";
				CLANG_CXX_LIBRARY = "libc++";
				CLANG_ENABLE_MODULES = YES;
				CLANG_ENABLE_OBJC_ARC = YES;
				CLANG_WARN_BOOL_CONVERSION = YES;
				CLANG_WARN_CONSTANT_CONVERSION = YES;
				CLANG_WARN_DIRECT_OBJC_ISA_USAGE = YES_ERROR;
				CLANG_WARN_DOCUMENTATION_COMMENTS = YES;
				CLANG_WARN_EMPTY_BODY = YES;
				CLANG_WARN_ENUM_CONVERSION = YES;
				CLANG_WARN_INFINITE_RECURSION = YES;
				CLANG_WARN_INT_CONVERSION = YES;
				CLANG_WARN_OBJC_ROOT_CLASS = YES_ERROR;
				CLANG_WARN_SUSPICIOUS_MOVE = YES;
				CLANG_WARN_UNREACHABLE_CODE = YES;
				CLANG_WARN__DUPLICATE_METHOD_MATCH = YES;
				"CODE_SIGN_IDENTITY[sdk=iphoneos*]" = "iPhone Developer";
				COPY_PHASE_STRIP = NO;
				DEBUG_INFORMATION_FORMAT = "dwarf-with-dsym";
				ENABLE_NS_ASSERTIONS = NO;
				ENABLE_STRICT_OBJC_MSGSEND = YES;
				GCC_C_LANGUAGE_STANDARD = gnu99;
				GCC_NO_COMMON_BLOCKS = YES;
				GCC_WARN_64_TO_32_BIT_CONVERSION = YES;
				GCC_WARN_ABOUT_RETURN_TYPE = YES_ERROR;
				GCC_WARN_UNDECLARED_SELECTOR = YES;
				GCC_WARN_UNINITIALIZED_AUTOS = YES_AGGRESSIVE;
				GCC_WARN_UNUSED_FUNCTION = YES;
				GCC_WARN_UNUSED_VARIABLE = YES;
				IPHONEOS_DEPLOYMENT_TARGET = 10.3;
				MTL_ENABLE_DEBUG_INFO = NO;
				SDKROOT = iphoneos;
				SWIFT_OPTIMIZATION_LEVEL = "-Owholemodule";
				TARGETED_DEVICE_FAMILY = "1,2";
				VALIDATE_PRODUCT = YES;
			};
			name = Release;
		};
		C8E18D581EF088B40004D411 /* Debug */ = {
			isa = XCBuildConfiguration;
			baseConfigurationReference = C92E34F6D84E77A820B77C6C /* Pods-AffirmSDKDemo-Swift.debug.xcconfig */;
			buildSettings = {
				ASSETCATALOG_COMPILER_APPICON_NAME = AppIcon;
				INFOPLIST_FILE = "AffirmSDKDemo-Swift/Info.plist";
				LD_RUNPATH_SEARCH_PATHS = "$(inherited) @executable_path/Frameworks";
				PRODUCT_BUNDLE_IDENTIFIER = "com.affirm.AffirmSDKDemo-Swift";
				PRODUCT_NAME = "$(TARGET_NAME)";
				SWIFT_OBJC_BRIDGING_HEADER = "AffirmSDKDemo-Swift/AffirmSDK-Bridging-Header.h";
				SWIFT_VERSION = 3.0;
			};
			name = Debug;
		};
		C8E18D591EF088B40004D411 /* Release */ = {
			isa = XCBuildConfiguration;
			baseConfigurationReference = 76ADD4FBCE1510714C4A91C4 /* Pods-AffirmSDKDemo-Swift.release.xcconfig */;
			buildSettings = {
				ASSETCATALOG_COMPILER_APPICON_NAME = AppIcon;
				INFOPLIST_FILE = "AffirmSDKDemo-Swift/Info.plist";
				LD_RUNPATH_SEARCH_PATHS = "$(inherited) @executable_path/Frameworks";
				PRODUCT_BUNDLE_IDENTIFIER = "com.affirm.AffirmSDKDemo-Swift";
				PRODUCT_NAME = "$(TARGET_NAME)";
				SWIFT_OBJC_BRIDGING_HEADER = "AffirmSDKDemo-Swift/AffirmSDK-Bridging-Header.h";
				SWIFT_VERSION = 3.0;
			};
			name = Release;
		};
/* End XCBuildConfiguration section */

/* Begin XCConfigurationList section */
		C8E18D401EF088B40004D411 /* Build configuration list for PBXProject "AffirmSDKDemo-Swift" */ = {
			isa = XCConfigurationList;
			buildConfigurations = (
				C8E18D551EF088B40004D411 /* Debug */,
				C8E18D561EF088B40004D411 /* Release */,
			);
			defaultConfigurationIsVisible = 0;
			defaultConfigurationName = Release;
		};
		C8E18D571EF088B40004D411 /* Build configuration list for PBXNativeTarget "AffirmSDKDemo-Swift" */ = {
			isa = XCConfigurationList;
			buildConfigurations = (
				C8E18D581EF088B40004D411 /* Debug */,
				C8E18D591EF088B40004D411 /* Release */,
			);
			defaultConfigurationIsVisible = 0;
			defaultConfigurationName = Release;
		};
/* End XCConfigurationList section */
	};
	rootObject = C8E18D3D1EF088B40004D411 /* Project object */;
}
